
Microsoft Visual Studio Solution File, Format Version 12.00
# Visual Studio Version 16
VisualStudioVersion = 16.0.32602.291
MinimumVisualStudioVersion = 10.0.40219.1
Project("{9A19103F-16F7-4668-BE54-9A1E7A4F7556}") = "HotelFinder.Entities", "hotelFinder.entities\HotelFinder.Entities.csproj", "{ED8B3EF2-58A9-4578-BA38-F80FC8D761BC}"
EndProject
Project("{9A19103F-16F7-4668-BE54-9A1E7A4F7556}") = "HotelFinder.DataAccess", "HotelFinder.DataAccess\HotelFinder.DataAccess.csproj", "{A6A90141-0CDC-4F0D-AEA0-83E4B572AD6F}"
EndProject
Project("{9A19103F-16F7-4668-BE54-9A1E7A4F7556}") = "HotelFinder.Business", "HotelFinder.Business\HotelFinder.Business.csproj", "{87E07AB5-8DBD-4C66-BADB-A716514E2C78}"
EndProject
Project("{9A19103F-16F7-4668-BE54-9A1E7A4F7556}") = "HotelFinder.API", "HotelFinder.API\HotelFinder.API.csproj", "{8024D11E-CBF4-4A76-B9F3-9C0F824DC9AC}"
EndProject
Global
	GlobalSection(SolutionConfigurationPlatforms) = preSolution
		Debug|Any CPU = Debug|Any CPU
		Release|Any CPU = Release|Any CPU
	EndGlobalSection
	GlobalSection(ProjectConfigurationPlatforms) = postSolution
		{ED8B3EF2-58A9-4578-BA38-F80FC8D761BC}.Debug|Any CPU.ActiveCfg = Debug|Any CPU
		{ED8B3EF2-58A9-4578-BA38-F80FC8D761BC}.Debug|Any CPU.Build.0 = Debug|Any CPU
		{ED8B3EF2-58A9-4578-BA38-F80FC8D761BC}.Release|Any CPU.ActiveCfg = Release|Any CPU
		{ED8B3EF2-58A9-4578-BA38-F80FC8D761BC}.Release|Any CPU.Build.0 = Release|Any CPU
		{A6A90141-0CDC-4F0D-AEA0-83E4B572AD6F}.Debug|Any CPU.ActiveCfg = Debug|Any CPU
		{A6A90141-0CDC-4F0D-AEA0-83E4B572AD6F}.Debug|Any CPU.Build.0 = Debug|Any CPU
		{A6A90141-0CDC-4F0D-AEA0-83E4B572AD6F}.Release|Any CPU.ActiveCfg = Release|Any CPU
		{A6A90141-0CDC-4F0D-AEA0-83E4B572AD6F}.Release|Any CPU.Build.0 = Release|Any CPU
		{87E07AB5-8DBD-4C66-BADB-A716514E2C78}.Debug|Any CPU.ActiveCfg = Debug|Any CPU
		{87E07AB5-8DBD-4C66-BADB-A716514E2C78}.Debug|Any CPU.Build.0 = Debug|Any CPU
		{87E07AB5-8DBD-4C66-BADB-A716514E2C78}.Release|Any CPU.ActiveCfg = Release|Any CPU
		{87E07AB5-8DBD-4C66-BADB-A716514E2C78}.Release|Any CPU.Build.0 = Release|Any CPU
		{8024D11E-CBF4-4A76-B9F3-9C0F824DC9AC}.Debug|Any CPU.ActiveCfg = Debug|Any CPU
		{8024D11E-CBF4-4A76-B9F3-9C0F824DC9AC}.Debug|Any CPU.Build.0 = Debug|Any CPU
		{8024D11E-CBF4-4A76-B9F3-9C0F824DC9AC}.Release|Any CPU.ActiveCfg = Release|Any CPU
		{8024D11E-CBF4-4A76-B9F3-9C0F824DC9AC}.Release|Any CPU.Build.0 = Release|Any CPU
	EndGlobalSection
	GlobalSection(SolutionProperties) = preSolution
		HideSolutionNode = FALSE
	EndGlobalSection
	GlobalSection(ExtensibilityGlobals) = postSolution
		SolutionGuid = {209C6EB4-39FD-47D2-83CC-40FA004E8DEB}
	EndGlobalSection
EndGlobal
